#MicroXplorer Configuration settings - do not modify
Mcu.Family=STM32F3
ProjectManager.MainLocation=Core/Src
RCC.MCOFreq_Value=72000000
Dma.USART1_RX.1.Instance=DMA1_Channel5
RCC.USART1Freq_Value=72000000
ProjectManager.ProjectFileName=NEO-M9N_Test.ioc
USART2.IPParameters=VirtualMode-Asynchronous
RCC.ADC12outputFreq_Value=72000000
RCC.CortexFreq_Value=72000000
RCC.TIM17Freq_Value=72000000
Dma.USART1_RX.1.MemDataAlignment=DMA_MDATAALIGN_BYTE
Dma.USART1_TX.0.MemInc=DMA_MINC_ENABLE
NVIC.DMA1_Channel5_IRQn=true\:0\:0\:false\:false\:true\:false\:true
Dma.USART1_TX.0.PeriphInc=DMA_PINC_DISABLE
ProjectManager.KeepUserCode=true
Mcu.UserName=STM32F303RETx
Mcu.PinsNb=8
ProjectManager.NoMain=false
USART1.BaudRate=9600
RCC.PLLCLKFreq_Value=72000000
PC5.Locked=true
RCC.SYSCLKSourceVirtual=RCC_SYSCLKSOURCE_PLLCLK
ProjectManager.functionlistsort=1-MX_GPIO_Init-GPIO-false-HAL-true,2-MX_DMA_Init-DMA-false-HAL-true,3-SystemClock_Config-RCC-false-HAL-false,4-MX_USART1_UART_Init-USART1-false-HAL-true,5-MX_USART2_UART_Init-USART2-false-HAL-true
PC4.Signal=USART1_TX
RCC.RTCFreq_Value=40000
ProjectManager.DefaultFWLocation=true
RCC.USART2Freq_Value=36000000
ProjectManager.DeletePrevious=true
PC5.Mode=Asynchronous
USART1.IPParameters=VirtualMode-Asynchronous,BaudRate
RCC.APB1CLKDivider=RCC_HCLK_DIV2
boardIOC=true
NVIC.USART2_IRQn=true\:0\:0\:false\:false\:true\:true\:true
PinOutPanel.RotationAngle=0
RCC.FamilyName=M
ProjectManager.StackSize=0x400
RCC.I2C3Freq_Value=8000000
USART1.VirtualMode-Asynchronous=VM_ASYNC
PA13.Signal=SYS_JTMS-SWDIO
PA3.Mode=Asynchronous
Mcu.IP4=USART1
RCC.FCLKCortexFreq_Value=72000000
Mcu.IP5=USART2
NVIC.SVCall_IRQn=true\:0\:0\:false\:false\:true\:false\:false
Mcu.IP2=RCC
Mcu.IP3=SYS
Mcu.IP0=DMA
Dma.USART1_TX.0.Priority=DMA_PRIORITY_LOW
Mcu.IP1=NVIC
Dma.USART1_TX.0.Direction=DMA_MEMORY_TO_PERIPH
Mcu.UserConstants=
ProjectManager.TargetToolchain=STM32CubeIDE
Dma.USART1_RX.1.RequestParameters=Instance,Direction,PeriphInc,MemInc,PeriphDataAlignment,MemDataAlignment,Mode,Priority
Mcu.ThirdPartyNb=0
RCC.HCLKFreq_Value=72000000
Mcu.IPNb=6
RCC.I2SClocksFreq_Value=72000000
ProjectManager.PreviousToolchain=STM32CubeIDE
RCC.APB2TimFreq_Value=72000000
Dma.USART1_TX.0.RequestParameters=Instance,Direction,PeriphInc,MemInc,PeriphDataAlignment,MemDataAlignment,Mode,Priority
Mcu.Pin6=PB3
Mcu.Pin7=VP_SYS_VS_Systick
ProjectManager.RegisterCallBack=
RCC.USBFreq_Value=72000000
Dma.USART1_RX.1.MemInc=DMA_MINC_ENABLE
RCC.LSE_VALUE=32768
RCC.AHBFreq_Value=72000000
RCC.TIM2Freq_Value=72000000
Mcu.Pin0=PA2
Mcu.Pin1=PA3
GPIO.groupedBy=Group By Peripherals
Mcu.Pin2=PC4
Mcu.Pin3=PC5
RCC.USART3Freq_Value=36000000
Mcu.Pin4=PA13
Mcu.Pin5=PA14
ProjectManager.ProjectBuild=false
RCC.HSE_VALUE=8000000
Dma.USART1_RX.1.PeriphDataAlignment=DMA_PDATAALIGN_BYTE
NVIC.UsageFault_IRQn=true\:0\:0\:false\:false\:true\:true\:false
NVIC.DebugMonitor_IRQn=true\:0\:0\:false\:false\:true\:true\:false
PB3.Mode=Trace_Asynchronous_SW
Dma.USART1_TX.0.Mode=DMA_NORMAL
board=NUCLEO-F303RE
USART2.VirtualMode-Asynchronous=VM_ASYNC
NVIC.SysTick_IRQn=true\:0\:0\:true\:false\:true\:true\:true
RCC.RCC_PLLsource_Clock_Source_FROM_HSE=RCC_HSE_PREDIV_DIV2
ProjectManager.LastFirmware=true
RCC.PLLMUL=RCC_PLL_MUL9
RCC.VCOOutput2Freq_Value=8000000
ProjectManager.FirmwarePackage=STM32Cube FW_F3 V1.11.1
MxDb.Version=DB.6.0.0
RCC.APB2Freq_Value=72000000
RCC.TIM8Freq_Value=72000000
RCC.UART4Freq_Value=36000000
ProjectManager.BackupPrevious=false
MxCube.Version=6.0.0
RCC.I2C1Freq_Value=8000000
PA14.Mode=Trace_Asynchronous_SW
File.Version=6
VP_SYS_VS_Systick.Mode=SysTick
NVIC.NonMaskableInt_IRQn=true\:0\:0\:false\:false\:true\:true\:false
NVIC.PendSV_IRQn=true\:0\:0\:false\:false\:true\:false\:false
RCC.UART5Freq_Value=36000000
PA13.Mode=Trace_Asynchronous_SW
ProjectManager.FreePins=false
Dma.USART1_TX.0.PeriphDataAlignment=DMA_PDATAALIGN_BYTE
RCC.IPParameters=ADC12outputFreq_Value,ADC34outputFreq_Value,AHBFreq_Value,APB1CLKDivider,APB1Freq_Value,APB1TimFreq_Value,APB2Freq_Value,APB2TimFreq_Value,CortexFreq_Value,FCLKCortexFreq_Value,FamilyName,HCLKFreq_Value,HSE_VALUE,HSI_VALUE,I2C1Freq_Value,I2C2Freq_Value,I2C3Freq_Value,I2SClocksFreq_Value,LSE_VALUE,LSI_VALUE,MCOFreq_Value,PLLCLKFreq_Value,PLLM,PLLMCOFreq_Value,PLLMUL,PLLN,PLLP,PLLQ,RCC_PLLsource_Clock_Source_FROM_HSE,RTCFreq_Value,RTCHSEDivFreq_Value,SYSCLKFreq_VALUE,SYSCLKSourceVirtual,TIM15Freq_Value,TIM16Freq_Value,TIM17Freq_Value,TIM1Freq_Value,TIM20Freq_Value,TIM2Freq_Value,TIM3Freq_Value,TIM8Freq_Value,UART4Freq_Value,UART5Freq_Value,USART1Freq_Value,USART2Freq_Value,USART3Freq_Value,USBFreq_Value,VCOOutput2Freq_Value
ProjectManager.AskForMigrate=true
Mcu.Name=STM32F303R(D-E)Tx
Dma.RequestsNb=2
ProjectManager.HalAssertFull=false
RCC.RTCHSEDivFreq_Value=250000
PA2.Signal=USART2_TX
ProjectManager.ProjectName=NEO-M9N_Test
ProjectManager.UnderRoot=true
RCC.TIM1Freq_Value=72000000
Dma.USART1_RX.1.Mode=DMA_NORMAL
RCC.PLLMCOFreq_Value=72000000
ProjectManager.CoupleFile=false
PB3.Signal=SYS_JTDO-TRACESWO
RCC.SYSCLKFreq_VALUE=72000000
Mcu.Package=LQFP64
RCC.TIM15Freq_Value=72000000
PA3.Locked=true
NVIC.ForceEnableDMAVector=true
KeepUserPlacement=false
RCC.ADC34outputFreq_Value=72000000
NVIC.MemoryManagement_IRQn=true\:0\:0\:false\:false\:true\:true\:false
PA14.Locked=true
PA13.Locked=true
ProjectManager.CompilerOptimize=6
ProjectManager.ToolChainLocation=
RCC.LSI_VALUE=40000
VP_SYS_VS_Systick.Signal=SYS_VS_Systick
Dma.USART1_TX.0.MemDataAlignment=DMA_MDATAALIGN_BYTE
PA14.Signal=SYS_JTCK-SWCLK
ProjectManager.HeapSize=0x200
Dma.USART1_TX.0.Instance=DMA1_Channel4
NVIC.HardFault_IRQn=true\:0\:0\:false\:false\:true\:true\:false
RCC.TIM20Freq_Value=72000000
ProjectManager.ComputerToolchain=false
RCC.HSI_VALUE=8000000
Dma.USART1_RX.1.PeriphInc=DMA_PINC_DISABLE
RCC.TIM16Freq_Value=72000000
RCC.TIM3Freq_Value=72000000
RCC.PLLP=RCC_PLLP_DIV4
RCC.PLLQ=7
NVIC.PriorityGroup=NVIC_PRIORITYGROUP_0
RCC.PLLM=8
RCC.PLLN=336
Dma.Request1=USART1_RX
RCC.APB1TimFreq_Value=72000000
PA2.Mode=Asynchronous
NVIC.BusFault_IRQn=true\:0\:0\:false\:false\:true\:true\:false
PC4.Locked=true
PC5.Signal=USART1_RX
Dma.USART1_RX.1.Direction=DMA_PERIPH_TO_MEMORY
Dma.USART1_RX.1.Priority=DMA_PRIORITY_LOW
NVIC.DMA1_Channel4_IRQn=true\:0\:0\:false\:false\:true\:false\:true
NVIC.USART1_IRQn=true\:0\:0\:false\:false\:true\:true\:true
RCC.I2C2Freq_Value=8000000
Dma.Request0=USART1_TX
RCC.APB1Freq_Value=36000000
ProjectManager.CustomerFirmwarePackage=
ProjectManager.DeviceId=STM32F303RETx
ProjectManager.LibraryCopy=1
PC4.Mode=Asynchronous
PB3.Locked=true
PA3.Signal=USART2_RX
PA2.Locked=true
